PODS:
  - Bolts/Tasks (1.4.0)
  - GoogleAnalytics (3.13.0)
  - Magic (2.0.0)
  - Parse (1.9.1):
    - Bolts/Tasks (>= 1.4.0)
  - Siren (0.6.0)

DEPENDENCIES:
  - GoogleAnalytics
  - Magic
  - Parse
  - Siren

SPEC CHECKSUMS:
  Bolts: 0e9bce58b9b9f5e8a7a4d47b16d2fabec289072b
  GoogleAnalytics: fcf1f1cad57ae1a9a53520018f0f680ceeeb8b49
  Magic: f05ea8d27da5413cd780266ff0152bb9c028bfa9
  Parse: 54a965c8c19a6dde90284ab654dbcc77ef8c001b
  Siren: 41c7c0ed8cf10e5a7a30e5511160d584a2ae871d

COCOAPODS: 0.39.0
