// !$*UTF8*$!
{
	archiveVersion = 1;
	classes = {
	};
	objectVersion = 46;
	objects = {

/* Begin PBXBuildFile section */
		9F0ED65A196ADC680037A4D3 /* WebViewController.swift in Sources */ = {isa = PBXBuildFile; fileRef = 9F0ED659196ADC680037A4D3 /* WebViewController.swift */; };
		9F3E43C41973D7FF0060B2FB /* EkintzakTableViewCell.swift in Sources */ = {isa = PBXBuildFile; fileRef = 9F3E43C31973D7FF0060B2FB /* EkintzakTableViewCell.swift */; };
		9F54139C19C9D8840075C6EA /* NortzukViewController.swift in Sources */ = {isa = PBXBuildFile; fileRef = 9F54139B19C9D8840075C6EA /* NortzukViewController.swift */; };
		9F56BDC119C6EECC00916CA8 /* SettingsViewController.swift in Sources */ = {isa = PBXBuildFile; fileRef = 9F56BDC019C6EECC00916CA8 /* SettingsViewController.swift */; };
		9F56EB8B19C74D4000571BD4 /* parse-library-1.3.0 in Resources */ = {isa = PBXBuildFile; fileRef = 9F56EB8A19C74D4000571BD4 /* parse-library-1.3.0 */; };
		9F56EB8F19C74D6A00571BD4 /* Bolts.framework in Frameworks */ = {isa = PBXBuildFile; fileRef = 9F56EB8C19C74D6A00571BD4 /* Bolts.framework */; };
		9F56EB9019C74D6A00571BD4 /* Parse.framework in Frameworks */ = {isa = PBXBuildFile; fileRef = 9F56EB8D19C74D6A00571BD4 /* Parse.framework */; };
		9F56EB9119C74D6A00571BD4 /* ParseFacebookUtils.framework in Frameworks */ = {isa = PBXBuildFile; fileRef = 9F56EB8E19C74D6A00571BD4 /* ParseFacebookUtils.framework */; };
		9F5834CB19D1CEA000D6FD51 /* ElkarteakViewController.swift in Sources */ = {isa = PBXBuildFile; fileRef = 9F5834CA19D1CEA000D6FD51 /* ElkarteakViewController.swift */; };
		9F7EE79519768A8800485B79 /* EkintzaViewController.swift in Sources */ = {isa = PBXBuildFile; fileRef = 9F7EE79419768A8800485B79 /* EkintzaViewController.swift */; };
		9FB3528419631BED00099645 /* Berriak.swift in Sources */ = {isa = PBXBuildFile; fileRef = 9FB3528319631BED00099645 /* Berriak.swift */; };
		9FB37E5619D2C63900CAF55F /* ElkarteakParseatu.swift in Sources */ = {isa = PBXBuildFile; fileRef = 9FB37E5519D2C63900CAF55F /* ElkarteakParseatu.swift */; };
		9FB577BF1A4C4917006137C0 /* Launch Screen.xib in Resources */ = {isa = PBXBuildFile; fileRef = 9FB577BE1A4C4917006137C0 /* Launch Screen.xib */; };
		9FCDDD3B19C746330007B3F2 /* AudioToolbox.framework in Frameworks */ = {isa = PBXBuildFile; fileRef = 9FCDDD3A19C746330007B3F2 /* AudioToolbox.framework */; };
		9FCDDD3D19C7463F0007B3F2 /* CFNetwork.framework in Frameworks */ = {isa = PBXBuildFile; fileRef = 9FCDDD3C19C7463F0007B3F2 /* CFNetwork.framework */; };
		9FCDDD3F19C7464B0007B3F2 /* CoreGraphics.framework in Frameworks */ = {isa = PBXBuildFile; fileRef = 9FCDDD3E19C7464B0007B3F2 /* CoreGraphics.framework */; };
		9FCDDD4119C746580007B3F2 /* CoreLocation.framework in Frameworks */ = {isa = PBXBuildFile; fileRef = 9FCDDD4019C746580007B3F2 /* CoreLocation.framework */; };
		9FCDDD4319C7466A0007B3F2 /* libz.dylib in Frameworks */ = {isa = PBXBuildFile; fileRef = 9FCDDD4219C7466A0007B3F2 /* libz.dylib */; };
		9FCDDD4519C746770007B3F2 /* MobileCoreServices.framework in Frameworks */ = {isa = PBXBuildFile; fileRef = 9FCDDD4419C746770007B3F2 /* MobileCoreServices.framework */; };
		9FCDDD4719C746820007B3F2 /* QuartzCore.framework in Frameworks */ = {isa = PBXBuildFile; fileRef = 9FCDDD4619C746820007B3F2 /* QuartzCore.framework */; };
		9FCDDD4919C7468A0007B3F2 /* Security.framework in Frameworks */ = {isa = PBXBuildFile; fileRef = 9FCDDD4819C7468A0007B3F2 /* Security.framework */; };
		9FCDDD4D19C746CB0007B3F2 /* SystemConfiguration.framework in Frameworks */ = {isa = PBXBuildFile; fileRef = 9FCDDD4C19C746CB0007B3F2 /* SystemConfiguration.framework */; };
		9FD7B5291975176C009DFFC0 /* EkintzakParseatu.swift in Sources */ = {isa = PBXBuildFile; fileRef = 9FD7B5281975176C009DFFC0 /* EkintzakParseatu.swift */; };
		9FDBB59B195AE4D4003EFA9E /* AppDelegate.swift in Sources */ = {isa = PBXBuildFile; fileRef = 9FDBB59A195AE4D4003EFA9E /* AppDelegate.swift */; };
		9FDBB59D195AE4D4003EFA9E /* BerriakViewController.swift in Sources */ = {isa = PBXBuildFile; fileRef = 9FDBB59C195AE4D4003EFA9E /* BerriakViewController.swift */; };
		9FDBB59F195AE4D4003EFA9E /* EkintzakViewController.swift in Sources */ = {isa = PBXBuildFile; fileRef = 9FDBB59E195AE4D4003EFA9E /* EkintzakViewController.swift */; };
		9FDBB5A2195AE4D4003EFA9E /* Main.storyboard in Resources */ = {isa = PBXBuildFile; fileRef = 9FDBB5A0195AE4D4003EFA9E /* Main.storyboard */; };
		9FDBB5A4195AE4D4003EFA9E /* Images.xcassets in Resources */ = {isa = PBXBuildFile; fileRef = 9FDBB5A3195AE4D4003EFA9E /* Images.xcassets */; };
		9FDBB5B0195AE4D4003EFA9E /* LarrabetzuEskuraIOSTests.swift in Sources */ = {isa = PBXBuildFile; fileRef = 9FDBB5AF195AE4D4003EFA9E /* LarrabetzuEskuraIOSTests.swift */; };
/* End PBXBuildFile section */

/* Begin PBXContainerItemProxy section */
		9FDBB5AA195AE4D4003EFA9E /* PBXContainerItemProxy */ = {
			isa = PBXContainerItemProxy;
			containerPortal = 9FDBB58D195AE4D3003EFA9E /* Project object */;
			proxyType = 1;
			remoteGlobalIDString = 9FDBB594195AE4D4003EFA9E;
			remoteInfo = LarrabetzuEskuraIOS;
		};
/* End PBXContainerItemProxy section */

/* Begin PBXFileReference section */
		9F0ED659196ADC680037A4D3 /* WebViewController.swift */ = {isa = PBXFileReference; fileEncoding = 4; lastKnownFileType = sourcecode.swift; path = WebViewController.swift; sourceTree = "<group>"; };
		9F3E43C31973D7FF0060B2FB /* EkintzakTableViewCell.swift */ = {isa = PBXFileReference; fileEncoding = 4; lastKnownFileType = sourcecode.swift; path = EkintzakTableViewCell.swift; sourceTree = "<group>"; };
		9F54139B19C9D8840075C6EA /* NortzukViewController.swift */ = {isa = PBXFileReference; fileEncoding = 4; lastKnownFileType = sourcecode.swift; path = NortzukViewController.swift; sourceTree = "<group>"; };
		9F56BDC019C6EECC00916CA8 /* SettingsViewController.swift */ = {isa = PBXFileReference; fileEncoding = 4; lastKnownFileType = sourcecode.swift; path = SettingsViewController.swift; sourceTree = "<group>"; };
		9F56EB8A19C74D4000571BD4 /* parse-library-1.3.0 */ = {isa = PBXFileReference; lastKnownFileType = folder; path = "parse-library-1.3.0"; sourceTree = "<group>"; };
		9F56EB8C19C74D6A00571BD4 /* Bolts.framework */ = {isa = PBXFileReference; lastKnownFileType = wrapper.framework; name = Bolts.framework; path = "parse-library-1.3.0/Bolts.framework"; sourceTree = "<group>"; };
		9F56EB8D19C74D6A00571BD4 /* Parse.framework */ = {isa = PBXFileReference; lastKnownFileType = wrapper.framework; name = Parse.framework; path = "parse-library-1.3.0/Parse.framework"; sourceTree = "<group>"; };
		9F56EB8E19C74D6A00571BD4 /* ParseFacebookUtils.framework */ = {isa = PBXFileReference; lastKnownFileType = wrapper.framework; name = ParseFacebookUtils.framework; path = "parse-library-1.3.0/ParseFacebookUtils.framework"; sourceTree = "<group>"; };
		9F5834CA19D1CEA000D6FD51 /* ElkarteakViewController.swift */ = {isa = PBXFileReference; fileEncoding = 4; lastKnownFileType = sourcecode.swift; path = ElkarteakViewController.swift; sourceTree = "<group>"; };
		9F7EE79419768A8800485B79 /* EkintzaViewController.swift */ = {isa = PBXFileReference; fileEncoding = 4; lastKnownFileType = sourcecode.swift; path = EkintzaViewController.swift; sourceTree = "<group>"; };
		9F9FA98B19878F5300868658 /* eu */ = {isa = PBXFileReference; lastKnownFileType = file.storyboard; name = eu; path = eu.lproj/Main.storyboard; sourceTree = "<group>"; };
		9FB3528319631BED00099645 /* Berriak.swift */ = {isa = PBXFileReference; fileEncoding = 4; lastKnownFileType = sourcecode.swift; path = Berriak.swift; sourceTree = "<group>"; };
		9FB37E5519D2C63900CAF55F /* ElkarteakParseatu.swift */ = {isa = PBXFileReference; fileEncoding = 4; lastKnownFileType = sourcecode.swift; path = ElkarteakParseatu.swift; sourceTree = "<group>"; };
		9FB577BE1A4C4917006137C0 /* Launch Screen.xib */ = {isa = PBXFileReference; fileEncoding = 4; lastKnownFileType = file.xib; path = "Launch Screen.xib"; sourceTree = "<group>"; };
		9FCDDD3A19C746330007B3F2 /* AudioToolbox.framework */ = {isa = PBXFileReference; lastKnownFileType = wrapper.framework; name = AudioToolbox.framework; path = System/Library/Frameworks/AudioToolbox.framework; sourceTree = SDKROOT; };
		9FCDDD3C19C7463F0007B3F2 /* CFNetwork.framework */ = {isa = PBXFileReference; lastKnownFileType = wrapper.framework; name = CFNetwork.framework; path = System/Library/Frameworks/CFNetwork.framework; sourceTree = SDKROOT; };
		9FCDDD3E19C7464B0007B3F2 /* CoreGraphics.framework */ = {isa = PBXFileReference; lastKnownFileType = wrapper.framework; name = CoreGraphics.framework; path = System/Library/Frameworks/CoreGraphics.framework; sourceTree = SDKROOT; };
		9FCDDD4019C746580007B3F2 /* CoreLocation.framework */ = {isa = PBXFileReference; lastKnownFileType = wrapper.framework; name = CoreLocation.framework; path = System/Library/Frameworks/CoreLocation.framework; sourceTree = SDKROOT; };
		9FCDDD4219C7466A0007B3F2 /* libz.dylib */ = {isa = PBXFileReference; lastKnownFileType = "compiled.mach-o.dylib"; name = libz.dylib; path = usr/lib/libz.dylib; sourceTree = SDKROOT; };
		9FCDDD4419C746770007B3F2 /* MobileCoreServices.framework */ = {isa = PBXFileReference; lastKnownFileType = wrapper.framework; name = MobileCoreServices.framework; path = System/Library/Frameworks/MobileCoreServices.framework; sourceTree = SDKROOT; };
		9FCDDD4619C746820007B3F2 /* QuartzCore.framework */ = {isa = PBXFileReference; lastKnownFileType = wrapper.framework; name = QuartzCore.framework; path = System/Library/Frameworks/QuartzCore.framework; sourceTree = SDKROOT; };
		9FCDDD4819C7468A0007B3F2 /* Security.framework */ = {isa = PBXFileReference; lastKnownFileType = wrapper.framework; name = Security.framework; path = System/Library/Frameworks/Security.framework; sourceTree = SDKROOT; };
		9FCDDD4C19C746CB0007B3F2 /* SystemConfiguration.framework */ = {isa = PBXFileReference; lastKnownFileType = wrapper.framework; name = SystemConfiguration.framework; path = System/Library/Frameworks/SystemConfiguration.framework; sourceTree = SDKROOT; };
		9FD7B5281975176C009DFFC0 /* EkintzakParseatu.swift */ = {isa = PBXFileReference; fileEncoding = 4; lastKnownFileType = sourcecode.swift; path = EkintzakParseatu.swift; sourceTree = "<group>"; };
		9FDBB595195AE4D4003EFA9E /* Larrabetzu.app */ = {isa = PBXFileReference; explicitFileType = wrapper.application; includeInIndex = 0; path = Larrabetzu.app; sourceTree = BUILT_PRODUCTS_DIR; };
		9FDBB599195AE4D4003EFA9E /* Info.plist */ = {isa = PBXFileReference; lastKnownFileType = text.plist.xml; path = Info.plist; sourceTree = "<group>"; };
		9FDBB59A195AE4D4003EFA9E /* AppDelegate.swift */ = {isa = PBXFileReference; lastKnownFileType = sourcecode.swift; path = AppDelegate.swift; sourceTree = "<group>"; };
		9FDBB59C195AE4D4003EFA9E /* BerriakViewController.swift */ = {isa = PBXFileReference; lastKnownFileType = sourcecode.swift; path = BerriakViewController.swift; sourceTree = "<group>"; };
		9FDBB59E195AE4D4003EFA9E /* EkintzakViewController.swift */ = {isa = PBXFileReference; lastKnownFileType = sourcecode.swift; path = EkintzakViewController.swift; sourceTree = "<group>"; };
		9FDBB5A3195AE4D4003EFA9E /* Images.xcassets */ = {isa = PBXFileReference; lastKnownFileType = folder.assetcatalog; path = Images.xcassets; sourceTree = "<group>"; };
		9FDBB5A9195AE4D4003EFA9E /* LarrabetzuTests.xctest */ = {isa = PBXFileReference; explicitFileType = wrapper.cfbundle; includeInIndex = 0; path = LarrabetzuTests.xctest; sourceTree = BUILT_PRODUCTS_DIR; };
		9FDBB5AE195AE4D4003EFA9E /* Info.plist */ = {isa = PBXFileReference; lastKnownFileType = text.plist.xml; path = Info.plist; sourceTree = "<group>"; };
		9FDBB5AF195AE4D4003EFA9E /* LarrabetzuEskuraIOSTests.swift */ = {isa = PBXFileReference; lastKnownFileType = sourcecode.swift; path = LarrabetzuEskuraIOSTests.swift; sourceTree = "<group>"; };
/* End PBXFileReference section */

/* Begin PBXFrameworksBuildPhase section */
		9FDBB592195AE4D4003EFA9E /* Frameworks */ = {
			isa = PBXFrameworksBuildPhase;
			buildActionMask = 2147483647;
			files = (
				9F56EB8F19C74D6A00571BD4 /* Bolts.framework in Frameworks */,
				9F56EB9019C74D6A00571BD4 /* Parse.framework in Frameworks */,
				9F56EB9119C74D6A00571BD4 /* ParseFacebookUtils.framework in Frameworks */,
				9FCDDD4D19C746CB0007B3F2 /* SystemConfiguration.framework in Frameworks */,
				9FCDDD4919C7468A0007B3F2 /* Security.framework in Frameworks */,
				9FCDDD4719C746820007B3F2 /* QuartzCore.framework in Frameworks */,
				9FCDDD4519C746770007B3F2 /* MobileCoreServices.framework in Frameworks */,
				9FCDDD4319C7466A0007B3F2 /* libz.dylib in Frameworks */,
				9FCDDD4119C746580007B3F2 /* CoreLocation.framework in Frameworks */,
				9FCDDD3F19C7464B0007B3F2 /* CoreGraphics.framework in Frameworks */,
				9FCDDD3D19C7463F0007B3F2 /* CFNetwork.framework in Frameworks */,
				9FCDDD3B19C746330007B3F2 /* AudioToolbox.framework in Frameworks */,
			);
			runOnlyForDeploymentPostprocessing = 0;
		};
		9FDBB5A6195AE4D4003EFA9E /* Frameworks */ = {
			isa = PBXFrameworksBuildPhase;
			buildActionMask = 2147483647;
			files = (
			);
			runOnlyForDeploymentPostprocessing = 0;
		};
/* End PBXFrameworksBuildPhase section */

/* Begin PBXGroup section */
		9FCDDD3119C745350007B3F2 /* Frameworks */ = {
			isa = PBXGroup;
			children = (
				9F56EB8C19C74D6A00571BD4 /* Bolts.framework */,
				9F56EB8D19C74D6A00571BD4 /* Parse.framework */,
				9F56EB8E19C74D6A00571BD4 /* ParseFacebookUtils.framework */,
				9F56EB8A19C74D4000571BD4 /* parse-library-1.3.0 */,
				9FCDDD4C19C746CB0007B3F2 /* SystemConfiguration.framework */,
				9FCDDD4819C7468A0007B3F2 /* Security.framework */,
				9FCDDD4619C746820007B3F2 /* QuartzCore.framework */,
				9FCDDD4419C746770007B3F2 /* MobileCoreServices.framework */,
				9FCDDD4219C7466A0007B3F2 /* libz.dylib */,
				9FCDDD4019C746580007B3F2 /* CoreLocation.framework */,
				9FCDDD3E19C7464B0007B3F2 /* CoreGraphics.framework */,
				9FCDDD3C19C7463F0007B3F2 /* CFNetwork.framework */,
				9FCDDD3A19C746330007B3F2 /* AudioToolbox.framework */,
			);
			name = Frameworks;
			sourceTree = "<group>";
		};
		9FD7B52A19751795009DFFC0 /* Controller */ = {
			isa = PBXGroup;
			children = (
				9FDBB59C195AE4D4003EFA9E /* BerriakViewController.swift */,
				9FDBB59E195AE4D4003EFA9E /* EkintzakViewController.swift */,
				9F5834CA19D1CEA000D6FD51 /* ElkarteakViewController.swift */,
				9F56BDC019C6EECC00916CA8 /* SettingsViewController.swift */,
				9F0ED659196ADC680037A4D3 /* WebViewController.swift */,
				9F7EE79419768A8800485B79 /* EkintzaViewController.swift */,
				9F54139B19C9D8840075C6EA /* NortzukViewController.swift */,
			);
			name = Controller;
			sourceTree = "<group>";
		};
		9FD7B52C1975192D009DFFC0 /* Parsers */ = {
			isa = PBXGroup;
			children = (
				9FB3528319631BED00099645 /* Berriak.swift */,
				9FD7B5281975176C009DFFC0 /* EkintzakParseatu.swift */,
				9FB37E5519D2C63900CAF55F /* ElkarteakParseatu.swift */,
			);
			name = Parsers;
			sourceTree = "<group>";
		};
		9FDBB58C195AE4D3003EFA9E = {
			isa = PBXGroup;
			children = (
				9FDBB597195AE4D4003EFA9E /* LarrabetzuEskuraIOS */,
				9FDBB5AC195AE4D4003EFA9E /* LarrabetzuEskuraIOSTests */,
				9FDBB596195AE4D4003EFA9E /* Products */,
			);
			sourceTree = "<group>";
		};
		9FDBB596195AE4D4003EFA9E /* Products */ = {
			isa = PBXGroup;
			children = (
				9FDBB595195AE4D4003EFA9E /* Larrabetzu.app */,
				9FDBB5A9195AE4D4003EFA9E /* LarrabetzuTests.xctest */,
			);
			name = Products;
			sourceTree = "<group>";
		};
		9FDBB597195AE4D4003EFA9E /* LarrabetzuEskuraIOS */ = {
			isa = PBXGroup;
			children = (
				9FDBB59A195AE4D4003EFA9E /* AppDelegate.swift */,
				9FD7B52A19751795009DFFC0 /* Controller */,
				9FD7B52C1975192D009DFFC0 /* Parsers */,
				9F3E43C31973D7FF0060B2FB /* EkintzakTableViewCell.swift */,
				9FDBB5A0195AE4D4003EFA9E /* Main.storyboard */,
				9FB577BE1A4C4917006137C0 /* Launch Screen.xib */,
				9FDBB5A3195AE4D4003EFA9E /* Images.xcassets */,
				9FCDDD3119C745350007B3F2 /* Frameworks */,
				9FDBB598195AE4D4003EFA9E /* Supporting Files */,
			);
			path = LarrabetzuEskuraIOS;
			sourceTree = "<group>";
		};
		9FDBB598195AE4D4003EFA9E /* Supporting Files */ = {
			isa = PBXGroup;
			children = (
				9FDBB599195AE4D4003EFA9E /* Info.plist */,
			);
			name = "Supporting Files";
			sourceTree = "<group>";
		};
		9FDBB5AC195AE4D4003EFA9E /* LarrabetzuEskuraIOSTests */ = {
			isa = PBXGroup;
			children = (
				9FDBB5AF195AE4D4003EFA9E /* LarrabetzuEskuraIOSTests.swift */,
				9FDBB5AD195AE4D4003EFA9E /* Supporting Files */,
			);
			path = LarrabetzuEskuraIOSTests;
			sourceTree = "<group>";
		};
		9FDBB5AD195AE4D4003EFA9E /* Supporting Files */ = {
			isa = PBXGroup;
			children = (
				9FDBB5AE195AE4D4003EFA9E /* Info.plist */,
			);
			name = "Supporting Files";
			sourceTree = "<group>";
		};
/* End PBXGroup section */

/* Begin PBXNativeTarget section */
		9FDBB594195AE4D4003EFA9E /* Larrabetzu */ = {
			isa = PBXNativeTarget;
			buildConfigurationList = 9FDBB5B3195AE4D4003EFA9E /* Build configuration list for PBXNativeTarget "Larrabetzu" */;
			buildPhases = (
				9FDBB591195AE4D4003EFA9E /* Sources */,
				9FDBB592195AE4D4003EFA9E /* Frameworks */,
				9FDBB593195AE4D4003EFA9E /* Resources */,
			);
			buildRules = (
			);
			dependencies = (
			);
			name = Larrabetzu;
			productName = LarrabetzuEskuraIOS;
			productReference = 9FDBB595195AE4D4003EFA9E /* Larrabetzu.app */;
			productType = "com.apple.product-type.application";
		};
		9FDBB5A8195AE4D4003EFA9E /* LarrabetzuTests */ = {
			isa = PBXNativeTarget;
			buildConfigurationList = 9FDBB5B6195AE4D4003EFA9E /* Build configuration list for PBXNativeTarget "LarrabetzuTests" */;
			buildPhases = (
				9FDBB5A5195AE4D4003EFA9E /* Sources */,
				9FDBB5A6195AE4D4003EFA9E /* Frameworks */,
				9FDBB5A7195AE4D4003EFA9E /* Resources */,
			);
			buildRules = (
			);
			dependencies = (
				9FDBB5AB195AE4D4003EFA9E /* PBXTargetDependency */,
			);
			name = LarrabetzuTests;
			productName = LarrabetzuEskuraIOSTests;
			productReference = 9FDBB5A9195AE4D4003EFA9E /* LarrabetzuTests.xctest */;
			productType = "com.apple.product-type.bundle.unit-test";
		};
/* End PBXNativeTarget section */

/* Begin PBXProject section */
		9FDBB58D195AE4D3003EFA9E /* Project object */ = {
			isa = PBXProject;
			attributes = {
				LastUpgradeCheck = 0600;
				ORGANIZATIONNAME = gorka;
				TargetAttributes = {
					9FDBB594195AE4D4003EFA9E = {
						CreatedOnToolsVersion = 6.0;
						DevelopmentTeam = T355TDU55C;
						SystemCapabilities = {
							com.apple.InAppPurchase = {
								enabled = 0;
							};
						};
					};
					9FDBB5A8195AE4D4003EFA9E = {
						CreatedOnToolsVersion = 6.0;
						TestTargetID = 9FDBB594195AE4D4003EFA9E;
					};
				};
			};
			buildConfigurationList = 9FDBB590195AE4D3003EFA9E /* Build configuration list for PBXProject "Larrabetzu" */;
			compatibilityVersion = "Xcode 3.2";
			developmentRegion = English;
			hasScannedForEncodings = 0;
			knownRegions = (
				Base,
				eu,
			);
			mainGroup = 9FDBB58C195AE4D3003EFA9E;
			productRefGroup = 9FDBB596195AE4D4003EFA9E /* Products */;
			projectDirPath = "";
			projectRoot = "";
			targets = (
				9FDBB594195AE4D4003EFA9E /* Larrabetzu */,
				9FDBB5A8195AE4D4003EFA9E /* LarrabetzuTests */,
			);
		};
/* End PBXProject section */

/* Begin PBXResourcesBuildPhase section */
		9FDBB593195AE4D4003EFA9E /* Resources */ = {
			isa = PBXResourcesBuildPhase;
			buildActionMask = 2147483647;
			files = (
				9FDBB5A2195AE4D4003EFA9E /* Main.storyboard in Resources */,
				9FB577BF1A4C4917006137C0 /* Launch Screen.xib in Resources */,
				9F56EB8B19C74D4000571BD4 /* parse-library-1.3.0 in Resources */,
				9FDBB5A4195AE4D4003EFA9E /* Images.xcassets in Resources */,
			);
			runOnlyForDeploymentPostprocessing = 0;
		};
		9FDBB5A7195AE4D4003EFA9E /* Resources */ = {
			isa = PBXResourcesBuildPhase;
			buildActionMask = 2147483647;
			files = (
			);
			runOnlyForDeploymentPostprocessing = 0;
		};
/* End PBXResourcesBuildPhase section */

/* Begin PBXSourcesBuildPhase section */
		9FDBB591195AE4D4003EFA9E /* Sources */ = {
			isa = PBXSourcesBuildPhase;
			buildActionMask = 2147483647;
			files = (
				9FB3528419631BED00099645 /* Berriak.swift in Sources */,
				9FDBB59F195AE4D4003EFA9E /* EkintzakViewController.swift in Sources */,
				9FD7B5291975176C009DFFC0 /* EkintzakParseatu.swift in Sources */,
				9FB37E5619D2C63900CAF55F /* ElkarteakParseatu.swift in Sources */,
				9F7EE79519768A8800485B79 /* EkintzaViewController.swift in Sources */,
				9F54139C19C9D8840075C6EA /* NortzukViewController.swift in Sources */,
				9F3E43C41973D7FF0060B2FB /* EkintzakTableViewCell.swift in Sources */,
				9F5834CB19D1CEA000D6FD51 /* ElkarteakViewController.swift in Sources */,
				9FDBB59B195AE4D4003EFA9E /* AppDelegate.swift in Sources */,
				9F0ED65A196ADC680037A4D3 /* WebViewController.swift in Sources */,
				9FDBB59D195AE4D4003EFA9E /* BerriakViewController.swift in Sources */,
				9F56BDC119C6EECC00916CA8 /* SettingsViewController.swift in Sources */,
			);
			runOnlyForDeploymentPostprocessing = 0;
		};
		9FDBB5A5195AE4D4003EFA9E /* Sources */ = {
			isa = PBXSourcesBuildPhase;
			buildActionMask = 2147483647;
			files = (
				9FDBB5B0195AE4D4003EFA9E /* LarrabetzuEskuraIOSTests.swift in Sources */,
			);
			runOnlyForDeploymentPostprocessing = 0;
		};
/* End PBXSourcesBuildPhase section */

/* Begin PBXTargetDependency section */
		9FDBB5AB195AE4D4003EFA9E /* PBXTargetDependency */ = {
			isa = PBXTargetDependency;
			target = 9FDBB594195AE4D4003EFA9E /* Larrabetzu */;
			targetProxy = 9FDBB5AA195AE4D4003EFA9E /* PBXContainerItemProxy */;
		};
/* End PBXTargetDependency section */

/* Begin PBXVariantGroup section */
		9FDBB5A0195AE4D4003EFA9E /* Main.storyboard */ = {
			isa = PBXVariantGroup;
			children = (
				9F9FA98B19878F5300868658 /* eu */,
			);
			name = Main.storyboard;
			sourceTree = "<group>";
		};
/* End PBXVariantGroup section */

/* Begin XCBuildConfiguration section */
		9FDBB5B1195AE4D4003EFA9E /* Debug */ = {
			isa = XCBuildConfiguration;
			buildSettings = {
				ALWAYS_SEARCH_USER_PATHS = NO;
				CLANG_CXX_LANGUAGE_STANDARD = "gnu++0x";
				CLANG_CXX_LIBRARY = "libc++";
				CLANG_ENABLE_MODULES = YES;
				CLANG_ENABLE_OBJC_ARC = YES;
				CLANG_WARN_BOOL_CONVERSION = YES;
				CLANG_WARN_CONSTANT_CONVERSION = YES;
				CLANG_WARN_DIRECT_OBJC_ISA_USAGE = YES_ERROR;
				CLANG_WARN_EMPTY_BODY = YES;
				CLANG_WARN_ENUM_CONVERSION = YES;
				CLANG_WARN_INT_CONVERSION = YES;
				CLANG_WARN_OBJC_ROOT_CLASS = YES_ERROR;
				CLANG_WARN_UNREACHABLE_CODE = YES;
				CLANG_WARN__DUPLICATE_METHOD_MATCH = YES;
				"CODE_SIGN_IDENTITY[sdk=iphoneos*]" = "iPhone Developer";
				COPY_PHASE_STRIP = NO;
				ENABLE_STRICT_OBJC_MSGSEND = YES;
				GCC_C_LANGUAGE_STANDARD = gnu99;
				GCC_DYNAMIC_NO_PIC = NO;
				GCC_OPTIMIZATION_LEVEL = 0;
				GCC_PREPROCESSOR_DEFINITIONS = (
					"DEBUG=1",
					"$(inherited)",
				);
				GCC_SYMBOLS_PRIVATE_EXTERN = NO;
				GCC_WARN_64_TO_32_BIT_CONVERSION = YES;
				GCC_WARN_ABOUT_RETURN_TYPE = YES_ERROR;
				GCC_WARN_UNDECLARED_SELECTOR = YES;
				GCC_WARN_UNINITIALIZED_AUTOS = YES_AGGRESSIVE;
				GCC_WARN_UNUSED_FUNCTION = YES;
				GCC_WARN_UNUSED_VARIABLE = YES;
				IPHONEOS_DEPLOYMENT_TARGET = 7.1;
				METAL_ENABLE_DEBUG_INFO = YES;
				ONLY_ACTIVE_ARCH = YES;
				SDKROOT = iphoneos;
				SWIFT_OPTIMIZATION_LEVEL = "-Onone";
				TARGETED_DEVICE_FAMILY = "1,2";
			};
			name = Debug;
		};
		9FDBB5B2195AE4D4003EFA9E /* Release */ = {
			isa = XCBuildConfiguration;
			buildSettings = {
				ALWAYS_SEARCH_USER_PATHS = NO;
				CLANG_CXX_LANGUAGE_STANDARD = "gnu++0x";
				CLANG_CXX_LIBRARY = "libc++";
				CLANG_ENABLE_MODULES = YES;
				CLANG_ENABLE_OBJC_ARC = YES;
				CLANG_WARN_BOOL_CONVERSION = YES;
				CLANG_WARN_CONSTANT_CONVERSION = YES;
				CLANG_WARN_DIRECT_OBJC_ISA_USAGE = YES_ERROR;
				CLANG_WARN_EMPTY_BODY = YES;
				CLANG_WARN_ENUM_CONVERSION = YES;
				CLANG_WARN_INT_CONVERSION = YES;
				CLANG_WARN_OBJC_ROOT_CLASS = YES_ERROR;
				CLANG_WARN_UNREACHABLE_CODE = YES;
				CLANG_WARN__DUPLICATE_METHOD_MATCH = YES;
				"CODE_SIGN_IDENTITY[sdk=iphoneos*]" = "iPhone Developer";
				COPY_PHASE_STRIP = YES;
				ENABLE_NS_ASSERTIONS = NO;
				ENABLE_STRICT_OBJC_MSGSEND = YES;
				GCC_C_LANGUAGE_STANDARD = gnu99;
				GCC_WARN_64_TO_32_BIT_CONVERSION = YES;
				GCC_WARN_ABOUT_RETURN_TYPE = YES_ERROR;
				GCC_WARN_UNDECLARED_SELECTOR = YES;
				GCC_WARN_UNINITIALIZED_AUTOS = YES_AGGRESSIVE;
				GCC_WARN_UNUSED_FUNCTION = YES;
				GCC_WARN_UNUSED_VARIABLE = YES;
				IPHONEOS_DEPLOYMENT_TARGET = 7.1;
				METAL_ENABLE_DEBUG_INFO = NO;
				SDKROOT = iphoneos;
				TARGETED_DEVICE_FAMILY = "1,2";
				VALIDATE_PRODUCT = YES;
			};
			name = Release;
		};
		9FDBB5B4195AE4D4003EFA9E /* Debug */ = {
			isa = XCBuildConfiguration;
			buildSettings = {
				ASSETCATALOG_COMPILER_APPICON_NAME = AppIcon;
				CODE_SIGN_IDENTITY = "iPhone Developer";
				"CODE_SIGN_IDENTITY[sdk=iphoneos*]" = "iPhone Developer";
				FRAMEWORK_SEARCH_PATHS = (
					"$(inherited)",
					"$(PROJECT_DIR)/LarrabetzuEskuraIOS/parse-library-1.3.0",
				);
				INFOPLIST_FILE = LarrabetzuEskuraIOS/Info.plist;
				IPHONEOS_DEPLOYMENT_TARGET = 7.1;
				LD_RUNPATH_SEARCH_PATHS = "$(inherited) @executable_path/Frameworks";
				PRODUCT_NAME = Larrabetzu;
				PROVISIONING_PROFILE = "";
			};
			name = Debug;
		};
		9FDBB5B5195AE4D4003EFA9E /* Release */ = {
			isa = XCBuildConfiguration;
			buildSettings = {
				ASSETCATALOG_COMPILER_APPICON_NAME = AppIcon;
				CODE_SIGN_IDENTITY = "iPhone Developer";
				"CODE_SIGN_IDENTITY[sdk=iphoneos*]" = "iPhone Developer";
				FRAMEWORK_SEARCH_PATHS = (
					"$(inherited)",
					"$(PROJECT_DIR)/LarrabetzuEskuraIOS/parse-library-1.3.0",
				);
				INFOPLIST_FILE = LarrabetzuEskuraIOS/Info.plist;
				IPHONEOS_DEPLOYMENT_TARGET = 7.1;
				LD_RUNPATH_SEARCH_PATHS = "$(inherited) @executable_path/Frameworks";
				PRODUCT_NAME = Larrabetzu;
				PROVISIONING_PROFILE = "";
			};
			name = Release;
		};
		9FDBB5B7195AE4D4003EFA9E /* Debug */ = {
			isa = XCBuildConfiguration;
			buildSettings = {
				BUNDLE_LOADER = "$(BUILT_PRODUCTS_DIR)/LarrabetzuEskuraIOS.app/LarrabetzuEskuraIOS";
				FRAMEWORK_SEARCH_PATHS = (
					"$(SDKROOT)/Developer/Library/Frameworks",
					"$(inherited)",
				);
				GCC_PREPROCESSOR_DEFINITIONS = (
					"DEBUG=1",
					"$(inherited)",
				);
				INFOPLIST_FILE = LarrabetzuEskuraIOSTests/Info.plist;
				LD_RUNPATH_SEARCH_PATHS = "$(inherited) @executable_path/Frameworks @loader_path/Frameworks";
				METAL_ENABLE_DEBUG_INFO = YES;
				PRODUCT_NAME = LarrabetzuTests;
				TEST_HOST = "$(BUNDLE_LOADER)";
			};
			name = Debug;
		};
		9FDBB5B8195AE4D4003EFA9E /* Release */ = {
			isa = XCBuildConfiguration;
			buildSettings = {
				BUNDLE_LOADER = "$(BUILT_PRODUCTS_DIR)/LarrabetzuEskuraIOS.app/LarrabetzuEskuraIOS";
				FRAMEWORK_SEARCH_PATHS = (
					"$(SDKROOT)/Developer/Library/Frameworks",
					"$(inherited)",
				);
				INFOPLIST_FILE = LarrabetzuEskuraIOSTests/Info.plist;
				LD_RUNPATH_SEARCH_PATHS = "$(inherited) @executable_path/Frameworks @loader_path/Frameworks";
				METAL_ENABLE_DEBUG_INFO = NO;
				PRODUCT_NAME = LarrabetzuTests;
				TEST_HOST = "$(BUNDLE_LOADER)";
			};
			name = Release;
		};
/* End XCBuildConfiguration section */

/* Begin XCConfigurationList section */
		9FDBB590195AE4D3003EFA9E /* Build configuration list for PBXProject "Larrabetzu" */ = {
			isa = XCConfigurationList;
			buildConfigurations = (
				9FDBB5B1195AE4D4003EFA9E /* Debug */,
				9FDBB5B2195AE4D4003EFA9E /* Release */,
			);
			defaultConfigurationIsVisible = 0;
			defaultConfigurationName = Debug;
		};
		9FDBB5B3195AE4D4003EFA9E /* Build configuration list for PBXNativeTarget "Larrabetzu" */ = {
			isa = XCConfigurationList;
			buildConfigurations = (
				9FDBB5B4195AE4D4003EFA9E /* Debug */,
				9FDBB5B5195AE4D4003EFA9E /* Release */,
			);
			defaultConfigurationIsVisible = 0;
			defaultConfigurationName = Debug;
		};
		9FDBB5B6195AE4D4003EFA9E /* Build configuration list for PBXNativeTarget "LarrabetzuTests" */ = {
			isa = XCConfigurationList;
			buildConfigurations = (
				9FDBB5B7195AE4D4003EFA9E /* Debug */,
				9FDBB5B8195AE4D4003EFA9E /* Release */,
			);
			defaultConfigurationIsVisible = 0;
			defaultConfigurationName = Debug;
		};
/* End XCConfigurationList section */
	};
	rootObject = 9FDBB58D195AE4D3003EFA9E /* Project object */;
}
