// !$*UTF8*$!
{
	archiveVersion = 1;
	classes = {
	};
	objectVersion = 47;
	objects = {

/* Begin PBXBuildFile section */
		9F1545D61BC2F86B00F46F7F /* WebViewController.swift in Sources */ = {isa = PBXBuildFile; fileRef = 9F1545D51BC2F86B00F46F7F /* WebViewController.swift */; settings = {ASSET_TAGS = (); }; };
		9F360E6D1BB2992F000A2B40 /* AbisuakAukeranTableViewController.swift in Sources */ = {isa = PBXBuildFile; fileRef = 9F360E6C1BB2992F000A2B40 /* AbisuakAukeranTableViewController.swift */; };
		9F360E701BB2A8C4000A2B40 /* BlogakAukeranTableViewController.swift in Sources */ = {isa = PBXBuildFile; fileRef = 9F360E6F1BB2A8C4000A2B40 /* BlogakAukeranTableViewController.swift */; };
		9F3E43C41973D7FF0060B2FB /* EkintzakTableViewCell.swift in Sources */ = {isa = PBXBuildFile; fileRef = 9F3E43C31973D7FF0060B2FB /* EkintzakTableViewCell.swift */; };
		9F403A431A98AF2700155055 /* PageItemController.swift in Sources */ = {isa = PBXBuildFile; fileRef = 9F403A421A98AF2700155055 /* PageItemController.swift */; };
		9F403A451A98AF8B00155055 /* PageViewController.swift in Sources */ = {isa = PBXBuildFile; fileRef = 9F403A441A98AF8B00155055 /* PageViewController.swift */; };
		9F54139C19C9D8840075C6EA /* NortzukViewController.swift in Sources */ = {isa = PBXBuildFile; fileRef = 9F54139B19C9D8840075C6EA /* NortzukViewController.swift */; };
		9F5834CB19D1CEA000D6FD51 /* ElkarteakViewController.swift in Sources */ = {isa = PBXBuildFile; fileRef = 9F5834CA19D1CEA000D6FD51 /* ElkarteakViewController.swift */; };
		9F7EE79519768A8800485B79 /* EkintzaViewController.swift in Sources */ = {isa = PBXBuildFile; fileRef = 9F7EE79419768A8800485B79 /* EkintzaViewController.swift */; };
		9FB3528419631BED00099645 /* Berriak.swift in Sources */ = {isa = PBXBuildFile; fileRef = 9FB3528319631BED00099645 /* Berriak.swift */; };
		9FB37E5619D2C63900CAF55F /* ElkarteakParseatu.swift in Sources */ = {isa = PBXBuildFile; fileRef = 9FB37E5519D2C63900CAF55F /* ElkarteakParseatu.swift */; };
		9FB577BF1A4C4917006137C0 /* Launch Screen.xib in Resources */ = {isa = PBXBuildFile; fileRef = 9FB577BE1A4C4917006137C0 /* Launch Screen.xib */; };
		9FC12A121BB3F67D00B93995 /* AbisuakTableViewCell.swift in Sources */ = {isa = PBXBuildFile; fileRef = 9FC12A111BB3F67D00B93995 /* AbisuakTableViewCell.swift */; };
		9FC12A141BB3F7A300B93995 /* AbisuakViewController.swift in Sources */ = {isa = PBXBuildFile; fileRef = 9FC12A131BB3F7A300B93995 /* AbisuakViewController.swift */; };
		9FC42A081A4D8D9E00954105 /* Internet.swift in Sources */ = {isa = PBXBuildFile; fileRef = 9FC42A071A4D8D9E00954105 /* Internet.swift */; };
		9FD7B5291975176C009DFFC0 /* EkintzakParseatu.swift in Sources */ = {isa = PBXBuildFile; fileRef = 9FD7B5281975176C009DFFC0 /* EkintzakParseatu.swift */; };
		9FDBB59B195AE4D4003EFA9E /* AppDelegate.swift in Sources */ = {isa = PBXBuildFile; fileRef = 9FDBB59A195AE4D4003EFA9E /* AppDelegate.swift */; };
		9FDBB59D195AE4D4003EFA9E /* BerriakViewController.swift in Sources */ = {isa = PBXBuildFile; fileRef = 9FDBB59C195AE4D4003EFA9E /* BerriakViewController.swift */; };
		9FDBB59F195AE4D4003EFA9E /* EkintzakViewController.swift in Sources */ = {isa = PBXBuildFile; fileRef = 9FDBB59E195AE4D4003EFA9E /* EkintzakViewController.swift */; };
		9FDBB5A2195AE4D4003EFA9E /* Main.storyboard in Resources */ = {isa = PBXBuildFile; fileRef = 9FDBB5A0195AE4D4003EFA9E /* Main.storyboard */; };
		9FDBB5A4195AE4D4003EFA9E /* Images.xcassets in Resources */ = {isa = PBXBuildFile; fileRef = 9FDBB5A3195AE4D4003EFA9E /* Images.xcassets */; };
		9FF101021BB1D9F100839CE5 /* HobespenakTableViewController.swift in Sources */ = {isa = PBXBuildFile; fileRef = 9FF101011BB1D9F100839CE5 /* HobespenakTableViewController.swift */; };
		9FF904321A73B7EF001E4891 /* PushNotificationController.swift in Sources */ = {isa = PBXBuildFile; fileRef = 9FF904311A73B7EF001E4891 /* PushNotificationController.swift */; };
		9FF904341A73B912001E4891 /* ApiKeys.plist in Resources */ = {isa = PBXBuildFile; fileRef = 9FF904331A73B912001E4891 /* ApiKeys.plist */; };
		9FF904361A73B991001E4891 /* ApiKeys.swift in Sources */ = {isa = PBXBuildFile; fileRef = 9FF904351A73B991001E4891 /* ApiKeys.swift */; };
		BA2A04D4EC1FA1993260B4F6 /* Pods_Larrabetzu.framework in Frameworks */ = {isa = PBXBuildFile; fileRef = 61A8F4661ECE8C7BE38AD845 /* Pods_Larrabetzu.framework */; settings = {ATTRIBUTES = (Weak, ); }; };
/* End PBXBuildFile section */

/* Begin PBXFileReference section */
		1793CE20AD476C1C36135709 /* Pods-Larrabetzu.release.xcconfig */ = {isa = PBXFileReference; includeInIndex = 1; lastKnownFileType = text.xcconfig; name = "Pods-Larrabetzu.release.xcconfig"; path = "Pods/Target Support Files/Pods-Larrabetzu/Pods-Larrabetzu.release.xcconfig"; sourceTree = "<group>"; };
		61A8F4661ECE8C7BE38AD845 /* Pods_Larrabetzu.framework */ = {isa = PBXFileReference; explicitFileType = wrapper.framework; includeInIndex = 0; path = Pods_Larrabetzu.framework; sourceTree = BUILT_PRODUCTS_DIR; };
		9F1545D51BC2F86B00F46F7F /* WebViewController.swift */ = {isa = PBXFileReference; fileEncoding = 4; lastKnownFileType = sourcecode.swift; path = WebViewController.swift; sourceTree = "<group>"; };
		9F360E6C1BB2992F000A2B40 /* AbisuakAukeranTableViewController.swift */ = {isa = PBXFileReference; fileEncoding = 4; lastKnownFileType = sourcecode.swift; path = AbisuakAukeranTableViewController.swift; sourceTree = "<group>"; };
		9F360E6F1BB2A8C4000A2B40 /* BlogakAukeranTableViewController.swift */ = {isa = PBXFileReference; fileEncoding = 4; lastKnownFileType = sourcecode.swift; path = BlogakAukeranTableViewController.swift; sourceTree = "<group>"; };
		9F3E43C31973D7FF0060B2FB /* EkintzakTableViewCell.swift */ = {isa = PBXFileReference; fileEncoding = 4; lastKnownFileType = sourcecode.swift; path = EkintzakTableViewCell.swift; sourceTree = "<group>"; };
		9F403A421A98AF2700155055 /* PageItemController.swift */ = {isa = PBXFileReference; fileEncoding = 4; lastKnownFileType = sourcecode.swift; name = PageItemController.swift; path = /Users/gorkaercilla/Documents/Cursos/Programacion/xcode/LarrabetzuEskuraIOS/LarrabetzuEskuraIOS/PageItemController.swift; sourceTree = "<absolute>"; };
		9F403A441A98AF8B00155055 /* PageViewController.swift */ = {isa = PBXFileReference; fileEncoding = 4; lastKnownFileType = sourcecode.swift; path = PageViewController.swift; sourceTree = "<group>"; };
		9F54139B19C9D8840075C6EA /* NortzukViewController.swift */ = {isa = PBXFileReference; fileEncoding = 4; lastKnownFileType = sourcecode.swift; path = NortzukViewController.swift; sourceTree = "<group>"; };
		9F5834CA19D1CEA000D6FD51 /* ElkarteakViewController.swift */ = {isa = PBXFileReference; fileEncoding = 4; lastKnownFileType = sourcecode.swift; path = ElkarteakViewController.swift; sourceTree = "<group>"; };
		9F7EE79419768A8800485B79 /* EkintzaViewController.swift */ = {isa = PBXFileReference; fileEncoding = 4; lastKnownFileType = sourcecode.swift; path = EkintzaViewController.swift; sourceTree = "<group>"; };
		9F9FA98B19878F5300868658 /* eu */ = {isa = PBXFileReference; lastKnownFileType = file.storyboard; name = eu; path = eu.lproj/Main.storyboard; sourceTree = "<group>"; };
		9FB3528319631BED00099645 /* Berriak.swift */ = {isa = PBXFileReference; fileEncoding = 4; lastKnownFileType = sourcecode.swift; path = Berriak.swift; sourceTree = "<group>"; };
		9FB37E5519D2C63900CAF55F /* ElkarteakParseatu.swift */ = {isa = PBXFileReference; fileEncoding = 4; lastKnownFileType = sourcecode.swift; path = ElkarteakParseatu.swift; sourceTree = "<group>"; };
		9FB577BE1A4C4917006137C0 /* Launch Screen.xib */ = {isa = PBXFileReference; fileEncoding = 4; lastKnownFileType = file.xib; path = "Launch Screen.xib"; sourceTree = "<group>"; };
		9FC12A111BB3F67D00B93995 /* AbisuakTableViewCell.swift */ = {isa = PBXFileReference; fileEncoding = 4; lastKnownFileType = sourcecode.swift; path = AbisuakTableViewCell.swift; sourceTree = "<group>"; };
		9FC12A131BB3F7A300B93995 /* AbisuakViewController.swift */ = {isa = PBXFileReference; fileEncoding = 4; lastKnownFileType = sourcecode.swift; path = AbisuakViewController.swift; sourceTree = "<group>"; };
		9FC42A071A4D8D9E00954105 /* Internet.swift */ = {isa = PBXFileReference; fileEncoding = 4; lastKnownFileType = sourcecode.swift; path = Internet.swift; sourceTree = "<group>"; };
		9FD7B5281975176C009DFFC0 /* EkintzakParseatu.swift */ = {isa = PBXFileReference; fileEncoding = 4; lastKnownFileType = sourcecode.swift; path = EkintzakParseatu.swift; sourceTree = "<group>"; };
		9FDBB595195AE4D4003EFA9E /* Larrabetzu.app */ = {isa = PBXFileReference; explicitFileType = wrapper.application; includeInIndex = 0; path = Larrabetzu.app; sourceTree = BUILT_PRODUCTS_DIR; };
		9FDBB599195AE4D4003EFA9E /* Info.plist */ = {isa = PBXFileReference; lastKnownFileType = text.plist.xml; path = Info.plist; sourceTree = "<group>"; };
		9FDBB59A195AE4D4003EFA9E /* AppDelegate.swift */ = {isa = PBXFileReference; lastKnownFileType = sourcecode.swift; path = AppDelegate.swift; sourceTree = "<group>"; };
		9FDBB59C195AE4D4003EFA9E /* BerriakViewController.swift */ = {isa = PBXFileReference; lastKnownFileType = sourcecode.swift; path = BerriakViewController.swift; sourceTree = "<group>"; };
		9FDBB59E195AE4D4003EFA9E /* EkintzakViewController.swift */ = {isa = PBXFileReference; lastKnownFileType = sourcecode.swift; path = EkintzakViewController.swift; sourceTree = "<group>"; };
		9FDBB5A3195AE4D4003EFA9E /* Images.xcassets */ = {isa = PBXFileReference; lastKnownFileType = folder.assetcatalog; path = Images.xcassets; sourceTree = "<group>"; };
		9FF101011BB1D9F100839CE5 /* HobespenakTableViewController.swift */ = {isa = PBXFileReference; fileEncoding = 4; lastKnownFileType = sourcecode.swift; path = HobespenakTableViewController.swift; sourceTree = "<group>"; };
		9FF904301A73B5A2001E4891 /* bridgingHeader.h */ = {isa = PBXFileReference; fileEncoding = 4; lastKnownFileType = sourcecode.c.h; path = bridgingHeader.h; sourceTree = "<group>"; };
		9FF904311A73B7EF001E4891 /* PushNotificationController.swift */ = {isa = PBXFileReference; fileEncoding = 4; lastKnownFileType = sourcecode.swift; path = PushNotificationController.swift; sourceTree = "<group>"; };
		9FF904331A73B912001E4891 /* ApiKeys.plist */ = {isa = PBXFileReference; fileEncoding = 4; lastKnownFileType = text.plist.xml; path = ApiKeys.plist; sourceTree = "<group>"; };
		9FF904351A73B991001E4891 /* ApiKeys.swift */ = {isa = PBXFileReference; fileEncoding = 4; lastKnownFileType = sourcecode.swift; path = ApiKeys.swift; sourceTree = "<group>"; };
		A314DA2C15E01F143B099B77 /* Pods-Larrabetzu.debug.xcconfig */ = {isa = PBXFileReference; includeInIndex = 1; lastKnownFileType = text.xcconfig; name = "Pods-Larrabetzu.debug.xcconfig"; path = "Pods/Target Support Files/Pods-Larrabetzu/Pods-Larrabetzu.debug.xcconfig"; sourceTree = "<group>"; };
/* End PBXFileReference section */

/* Begin PBXFrameworksBuildPhase section */
		9FDBB592195AE4D4003EFA9E /* Frameworks */ = {
			isa = PBXFrameworksBuildPhase;
			buildActionMask = 2147483647;
			files = (
				BA2A04D4EC1FA1993260B4F6 /* Pods_Larrabetzu.framework in Frameworks */,
			);
			runOnlyForDeploymentPostprocessing = 0;
		};
/* End PBXFrameworksBuildPhase section */

/* Begin PBXGroup section */
		17A1E5A8948ED7B2B8777F47 /* Frameworks */ = {
			isa = PBXGroup;
			children = (
				61A8F4661ECE8C7BE38AD845 /* Pods_Larrabetzu.framework */,
			);
			name = Frameworks;
			sourceTree = "<group>";
		};
		9F360E6E1BB29938000A2B40 /* Hobespenak */ = {
			isa = PBXGroup;
			children = (
				9FF101011BB1D9F100839CE5 /* HobespenakTableViewController.swift */,
				9F360E6C1BB2992F000A2B40 /* AbisuakAukeranTableViewController.swift */,
				9F360E6F1BB2A8C4000A2B40 /* BlogakAukeranTableViewController.swift */,
				9FC12A131BB3F7A300B93995 /* AbisuakViewController.swift */,
			);
			name = Hobespenak;
			sourceTree = "<group>";
		};
		9F93C06F1AE8DFF600DF004D /* Class */ = {
			isa = PBXGroup;
			children = (
				9F403A421A98AF2700155055 /* PageItemController.swift */,
				9FC42A071A4D8D9E00954105 /* Internet.swift */,
				9FF904311A73B7EF001E4891 /* PushNotificationController.swift */,
			);
			name = Class;
			sourceTree = "<group>";
		};
		9FD7B52A19751795009DFFC0 /* ViewController */ = {
			isa = PBXGroup;
			children = (
				9FDBB59C195AE4D4003EFA9E /* BerriakViewController.swift */,
				9FDBB59E195AE4D4003EFA9E /* EkintzakViewController.swift */,
				9F5834CA19D1CEA000D6FD51 /* ElkarteakViewController.swift */,
				9F360E6E1BB29938000A2B40 /* Hobespenak */,
				9F7EE79419768A8800485B79 /* EkintzaViewController.swift */,
				9F1545D51BC2F86B00F46F7F /* WebViewController.swift */,
				9F54139B19C9D8840075C6EA /* NortzukViewController.swift */,
				9F403A441A98AF8B00155055 /* PageViewController.swift */,
			);
			name = ViewController;
			sourceTree = "<group>";
		};
		9FD7B52C1975192D009DFFC0 /* Parsers */ = {
			isa = PBXGroup;
			children = (
				9FB3528319631BED00099645 /* Berriak.swift */,
				9FD7B5281975176C009DFFC0 /* EkintzakParseatu.swift */,
				9FB37E5519D2C63900CAF55F /* ElkarteakParseatu.swift */,
			);
			name = Parsers;
			sourceTree = "<group>";
		};
		9FDBB58C195AE4D3003EFA9E = {
			isa = PBXGroup;
			children = (
				9FDBB597195AE4D4003EFA9E /* LarrabetzuEskuraIOS */,
				9FDBB596195AE4D4003EFA9E /* Products */,
				F40673DB4200F4057871A5E6 /* Pods */,
				17A1E5A8948ED7B2B8777F47 /* Frameworks */,
			);
			sourceTree = "<group>";
		};
		9FDBB596195AE4D4003EFA9E /* Products */ = {
			isa = PBXGroup;
			children = (
				9FDBB595195AE4D4003EFA9E /* Larrabetzu.app */,
			);
			name = Products;
			sourceTree = "<group>";
		};
		9FDBB597195AE4D4003EFA9E /* LarrabetzuEskuraIOS */ = {
			isa = PBXGroup;
			children = (
				9FDBB59A195AE4D4003EFA9E /* AppDelegate.swift */,
				9FF904351A73B991001E4891 /* ApiKeys.swift */,
				9FF904301A73B5A2001E4891 /* bridgingHeader.h */,
				9FD7B52A19751795009DFFC0 /* ViewController */,
				9FD7B52C1975192D009DFFC0 /* Parsers */,
				9F3E43C31973D7FF0060B2FB /* EkintzakTableViewCell.swift */,
				9FC12A111BB3F67D00B93995 /* AbisuakTableViewCell.swift */,
				9F93C06F1AE8DFF600DF004D /* Class */,
				9FDBB5A0195AE4D4003EFA9E /* Main.storyboard */,
				9FB577BE1A4C4917006137C0 /* Launch Screen.xib */,
				9FF904331A73B912001E4891 /* ApiKeys.plist */,
				9FDBB5A3195AE4D4003EFA9E /* Images.xcassets */,
				9FDBB598195AE4D4003EFA9E /* Supporting Files */,
			);
			path = LarrabetzuEskuraIOS;
			sourceTree = "<group>";
		};
		9FDBB598195AE4D4003EFA9E /* Supporting Files */ = {
			isa = PBXGroup;
			children = (
				9FDBB599195AE4D4003EFA9E /* Info.plist */,
			);
			name = "Supporting Files";
			sourceTree = "<group>";
		};
		F40673DB4200F4057871A5E6 /* Pods */ = {
			isa = PBXGroup;
			children = (
				A314DA2C15E01F143B099B77 /* Pods-Larrabetzu.debug.xcconfig */,
				1793CE20AD476C1C36135709 /* Pods-Larrabetzu.release.xcconfig */,
			);
			name = Pods;
			sourceTree = "<group>";
		};
/* End PBXGroup section */

/* Begin PBXNativeTarget section */
		9FDBB594195AE4D4003EFA9E /* Larrabetzu */ = {
			isa = PBXNativeTarget;
			buildConfigurationList = 9FDBB5B3195AE4D4003EFA9E /* Build configuration list for PBXNativeTarget "Larrabetzu" */;
			buildPhases = (
				8AE2839F19D29B700A3C31B3 /* Check Pods Manifest.lock */,
				9FDBB591195AE4D4003EFA9E /* Sources */,
				9FDBB592195AE4D4003EFA9E /* Frameworks */,
				9FDBB593195AE4D4003EFA9E /* Resources */,
				9FB8ABC61A73E82F0076C60C /* ShellScript */,
				95EDAC1489E37BE2ADCC10D7 /* Copy Pods Resources */,
				A559618F688C738B28157A0C /* Embed Pods Frameworks */,
			);
			buildRules = (
			);
			dependencies = (
			);
			name = Larrabetzu;
			productName = LarrabetzuEskuraIOS;
			productReference = 9FDBB595195AE4D4003EFA9E /* Larrabetzu.app */;
			productType = "com.apple.product-type.application";
		};
/* End PBXNativeTarget section */

/* Begin PBXProject section */
		9FDBB58D195AE4D3003EFA9E /* Project object */ = {
			isa = PBXProject;
			attributes = {
				LastSwiftMigration = 0700;
				LastUpgradeCheck = 0700;
				ORGANIZATIONNAME = gorka;
				TargetAttributes = {
					9FDBB594195AE4D4003EFA9E = {
						CreatedOnToolsVersion = 6.0;
						DevelopmentTeam = T355TDU55C;
						SystemCapabilities = {
							com.apple.BackgroundModes = {
								enabled = 1;
							};
							com.apple.InAppPurchase = {
								enabled = 0;
							};
						};
					};
				};
			};
			buildConfigurationList = 9FDBB590195AE4D3003EFA9E /* Build configuration list for PBXProject "Larrabetzu" */;
			compatibilityVersion = "Xcode 6.3";
			developmentRegion = English;
			hasScannedForEncodings = 0;
			knownRegions = (
				Base,
				eu,
			);
			mainGroup = 9FDBB58C195AE4D3003EFA9E;
			productRefGroup = 9FDBB596195AE4D4003EFA9E /* Products */;
			projectDirPath = "";
			projectRoot = "";
			targets = (
				9FDBB594195AE4D4003EFA9E /* Larrabetzu */,
			);
		};
/* End PBXProject section */

/* Begin PBXResourcesBuildPhase section */
		9FDBB593195AE4D4003EFA9E /* Resources */ = {
			isa = PBXResourcesBuildPhase;
			buildActionMask = 2147483647;
			files = (
				9FF904341A73B912001E4891 /* ApiKeys.plist in Resources */,
				9FDBB5A2195AE4D4003EFA9E /* Main.storyboard in Resources */,
				9FB577BF1A4C4917006137C0 /* Launch Screen.xib in Resources */,
				9FDBB5A4195AE4D4003EFA9E /* Images.xcassets in Resources */,
			);
			runOnlyForDeploymentPostprocessing = 0;
		};
/* End PBXResourcesBuildPhase section */

/* Begin PBXShellScriptBuildPhase section */
		8AE2839F19D29B700A3C31B3 /* Check Pods Manifest.lock */ = {
			isa = PBXShellScriptBuildPhase;
			buildActionMask = 2147483647;
			files = (
			);
			inputPaths = (
			);
			name = "Check Pods Manifest.lock";
			outputPaths = (
			);
			runOnlyForDeploymentPostprocessing = 0;
			shellPath = /bin/sh;
			shellScript = "diff \"${PODS_ROOT}/../Podfile.lock\" \"${PODS_ROOT}/Manifest.lock\" > /dev/null\nif [[ $? != 0 ]] ; then\n    cat << EOM\nerror: The sandbox is not in sync with the Podfile.lock. Run 'pod install' or update your CocoaPods installation.\nEOM\n    exit 1\nfi\n";
			showEnvVarsInLog = 0;
		};
		95EDAC1489E37BE2ADCC10D7 /* Copy Pods Resources */ = {
			isa = PBXShellScriptBuildPhase;
			buildActionMask = 2147483647;
			files = (
			);
			inputPaths = (
			);
			name = "Copy Pods Resources";
			outputPaths = (
			);
			runOnlyForDeploymentPostprocessing = 0;
			shellPath = /bin/sh;
			shellScript = "\"${SRCROOT}/Pods/Target Support Files/Pods-Larrabetzu/Pods-Larrabetzu-resources.sh\"\n";
			showEnvVarsInLog = 0;
		};
		9FB8ABC61A73E82F0076C60C /* ShellScript */ = {
			isa = PBXShellScriptBuildPhase;
			buildActionMask = 8;
			files = (
			);
			inputPaths = (
			);
			outputPaths = (
			);
			runOnlyForDeploymentPostprocessing = 1;
			shellPath = /bin/sh;
			shellScript = "export PATH=/usr/local/bin:$PATH\ncd /Users/gorkaercilla/Documents/Cursos/Programacion/Parse:CloudCode/larrabetzuEskura/cloud\n\nparse symbols \"${DWARF_DSYM_FOLDER_PATH}/${DWARF_DSYM_FILE_NAME}\"\n\nbuildNumber=$(/usr/libexec/PlistBuddy -c \"Print CFBundleVersion\" \"${PROJECT_DIR}/${INFOPLIST_FILE}\")\nbuildNumber=$(($buildNumber + 1))\n/usr/libexec/PlistBuddy -c \"Set :CFBundleVersion $buildNumber\" \"${PROJECT_DIR}/${INFOPLIST_FILE}\"\n\nTAGS=\"TODO:|FIXME:\"\necho \"searching ${SRCROOT} for ${TAGS}\"\nfind \"${SRCROOT}\" \\( -name \"*.swift\" \\) -print0 | xargs -0 egrep --with-filename --line-number --only-matching \"($TAGS).*\\$\" | perl -p -e \"s/($TAGS)/ warning: \\$1/\"";
		};
		A559618F688C738B28157A0C /* Embed Pods Frameworks */ = {
			isa = PBXShellScriptBuildPhase;
			buildActionMask = 2147483647;
			files = (
			);
			inputPaths = (
			);
			name = "Embed Pods Frameworks";
			outputPaths = (
			);
			runOnlyForDeploymentPostprocessing = 0;
			shellPath = /bin/sh;
			shellScript = "\"${SRCROOT}/Pods/Target Support Files/Pods-Larrabetzu/Pods-Larrabetzu-frameworks.sh\"\n";
			showEnvVarsInLog = 0;
		};
/* End PBXShellScriptBuildPhase section */

/* Begin PBXSourcesBuildPhase section */
		9FDBB591195AE4D4003EFA9E /* Sources */ = {
			isa = PBXSourcesBuildPhase;
			buildActionMask = 2147483647;
			files = (
				9FB3528419631BED00099645 /* Berriak.swift in Sources */,
				9FF101021BB1D9F100839CE5 /* HobespenakTableViewController.swift in Sources */,
				9F360E6D1BB2992F000A2B40 /* AbisuakAukeranTableViewController.swift in Sources */,
				9FC12A121BB3F67D00B93995 /* AbisuakTableViewCell.swift in Sources */,
				9F1545D61BC2F86B00F46F7F /* WebViewController.swift in Sources */,
				9FDBB59F195AE4D4003EFA9E /* EkintzakViewController.swift in Sources */,
				9FD7B5291975176C009DFFC0 /* EkintzakParseatu.swift in Sources */,
				9FB37E5619D2C63900CAF55F /* ElkarteakParseatu.swift in Sources */,
				9F7EE79519768A8800485B79 /* EkintzaViewController.swift in Sources */,
				9F54139C19C9D8840075C6EA /* NortzukViewController.swift in Sources */,
				9F3E43C41973D7FF0060B2FB /* EkintzakTableViewCell.swift in Sources */,
				9F403A431A98AF2700155055 /* PageItemController.swift in Sources */,
				9F5834CB19D1CEA000D6FD51 /* ElkarteakViewController.swift in Sources */,
				9FDBB59B195AE4D4003EFA9E /* AppDelegate.swift in Sources */,
				9F403A451A98AF8B00155055 /* PageViewController.swift in Sources */,
				9FF904361A73B991001E4891 /* ApiKeys.swift in Sources */,
				9FDBB59D195AE4D4003EFA9E /* BerriakViewController.swift in Sources */,
				9FC12A141BB3F7A300B93995 /* AbisuakViewController.swift in Sources */,
				9F360E701BB2A8C4000A2B40 /* BlogakAukeranTableViewController.swift in Sources */,
				9FF904321A73B7EF001E4891 /* PushNotificationController.swift in Sources */,
				9FC42A081A4D8D9E00954105 /* Internet.swift in Sources */,
			);
			runOnlyForDeploymentPostprocessing = 0;
		};
/* End PBXSourcesBuildPhase section */

/* Begin PBXVariantGroup section */
		9FDBB5A0195AE4D4003EFA9E /* Main.storyboard */ = {
			isa = PBXVariantGroup;
			children = (
				9F9FA98B19878F5300868658 /* eu */,
			);
			name = Main.storyboard;
			sourceTree = "<group>";
		};
/* End PBXVariantGroup section */

/* Begin XCBuildConfiguration section */
		9FDBB5B1195AE4D4003EFA9E /* Debug */ = {
			isa = XCBuildConfiguration;
			buildSettings = {
				ALWAYS_SEARCH_USER_PATHS = YES;
				CLANG_CXX_LANGUAGE_STANDARD = "gnu++0x";
				CLANG_CXX_LIBRARY = "libc++";
				CLANG_ENABLE_MODULES = YES;
				CLANG_ENABLE_OBJC_ARC = YES;
				CLANG_WARN_BOOL_CONVERSION = YES;
				CLANG_WARN_CONSTANT_CONVERSION = YES;
				CLANG_WARN_DIRECT_OBJC_ISA_USAGE = YES_ERROR;
				CLANG_WARN_EMPTY_BODY = YES;
				CLANG_WARN_ENUM_CONVERSION = YES;
				CLANG_WARN_INT_CONVERSION = YES;
				CLANG_WARN_OBJC_ROOT_CLASS = YES_ERROR;
				CLANG_WARN_UNREACHABLE_CODE = YES;
				CLANG_WARN__DUPLICATE_METHOD_MATCH = YES;
				CODE_SIGN_IDENTITY = "iPhone Developer: gorka Ercilla (2CG6DRL7NP)";
				"CODE_SIGN_IDENTITY[sdk=iphoneos*]" = "iPhone Developer: gorka Ercilla (2CG6DRL7NP)";
				COPY_PHASE_STRIP = NO;
				ENABLE_STRICT_OBJC_MSGSEND = YES;
				ENABLE_TESTABILITY = YES;
				GCC_C_LANGUAGE_STANDARD = gnu99;
				GCC_DYNAMIC_NO_PIC = NO;
				GCC_OPTIMIZATION_LEVEL = 0;
				GCC_PREPROCESSOR_DEFINITIONS = (
					"DEBUG=1",
					"$(inherited)",
				);
				GCC_SYMBOLS_PRIVATE_EXTERN = NO;
				GCC_WARN_64_TO_32_BIT_CONVERSION = YES;
				GCC_WARN_ABOUT_RETURN_TYPE = YES_ERROR;
				GCC_WARN_UNDECLARED_SELECTOR = YES;
				GCC_WARN_UNINITIALIZED_AUTOS = YES_AGGRESSIVE;
				GCC_WARN_UNUSED_FUNCTION = YES;
				GCC_WARN_UNUSED_VARIABLE = YES;
				IPHONEOS_DEPLOYMENT_TARGET = 8.0;
				METAL_ENABLE_DEBUG_INFO = YES;
				ONLY_ACTIVE_ARCH = YES;
				SDKROOT = iphoneos;
				SWIFT_OPTIMIZATION_LEVEL = "-Onone";
				TARGETED_DEVICE_FAMILY = "1,2";
			};
			name = Debug;
		};
		9FDBB5B2195AE4D4003EFA9E /* Release */ = {
			isa = XCBuildConfiguration;
			buildSettings = {
				ALWAYS_SEARCH_USER_PATHS = YES;
				CLANG_CXX_LANGUAGE_STANDARD = "gnu++0x";
				CLANG_CXX_LIBRARY = "libc++";
				CLANG_ENABLE_MODULES = YES;
				CLANG_ENABLE_OBJC_ARC = YES;
				CLANG_WARN_BOOL_CONVERSION = YES;
				CLANG_WARN_CONSTANT_CONVERSION = YES;
				CLANG_WARN_DIRECT_OBJC_ISA_USAGE = YES_ERROR;
				CLANG_WARN_EMPTY_BODY = YES;
				CLANG_WARN_ENUM_CONVERSION = YES;
				CLANG_WARN_INT_CONVERSION = YES;
				CLANG_WARN_OBJC_ROOT_CLASS = YES_ERROR;
				CLANG_WARN_UNREACHABLE_CODE = YES;
				CLANG_WARN__DUPLICATE_METHOD_MATCH = YES;
				CODE_SIGN_IDENTITY = "iPhone Distribution: gorka Ercilla (T355TDU55C)";
				"CODE_SIGN_IDENTITY[sdk=iphoneos*]" = "iPhone Distribution: gorka Ercilla (T355TDU55C)";
				COPY_PHASE_STRIP = YES;
				ENABLE_NS_ASSERTIONS = NO;
				ENABLE_STRICT_OBJC_MSGSEND = YES;
				GCC_C_LANGUAGE_STANDARD = gnu99;
				GCC_WARN_64_TO_32_BIT_CONVERSION = YES;
				GCC_WARN_ABOUT_RETURN_TYPE = YES_ERROR;
				GCC_WARN_UNDECLARED_SELECTOR = YES;
				GCC_WARN_UNINITIALIZED_AUTOS = YES_AGGRESSIVE;
				GCC_WARN_UNUSED_FUNCTION = YES;
				GCC_WARN_UNUSED_VARIABLE = YES;
				IPHONEOS_DEPLOYMENT_TARGET = 8.0;
				METAL_ENABLE_DEBUG_INFO = NO;
				SDKROOT = iphoneos;
				TARGETED_DEVICE_FAMILY = "1,2";
				VALIDATE_PRODUCT = YES;
			};
			name = Release;
		};
		9FDBB5B4195AE4D4003EFA9E /* Debug */ = {
			isa = XCBuildConfiguration;
			baseConfigurationReference = A314DA2C15E01F143B099B77 /* Pods-Larrabetzu.debug.xcconfig */;
			buildSettings = {
				ASSETCATALOG_COMPILER_APPICON_NAME = AppIcon;
				CODE_SIGN_IDENTITY = "iPhone Developer: Gorka Ercilla (2CG6DRL7NP)";
				"CODE_SIGN_IDENTITY[sdk=iphoneos*]" = "iPhone Developer: Gorka Ercilla (2CG6DRL7NP)";
				ENABLE_BITCODE = NO;
				INFOPLIST_FILE = LarrabetzuEskuraIOS/Info.plist;
				IPHONEOS_DEPLOYMENT_TARGET = 8.4;
				LD_RUNPATH_SEARCH_PATHS = "$(inherited) @executable_path/Frameworks";
				PRODUCT_BUNDLE_IDENTIFIER = com.eskura.Larrabetzu;
				PRODUCT_NAME = Larrabetzu;
				PROVISIONING_PROFILE = "";
				SWIFT_OBJC_BRIDGING_HEADER = "$(SRCROOT)/LarrabetzuEskuraIOS/bridgingHeader.h";
			};
			name = Debug;
		};
		9FDBB5B5195AE4D4003EFA9E /* Release */ = {
			isa = XCBuildConfiguration;
			baseConfigurationReference = 1793CE20AD476C1C36135709 /* Pods-Larrabetzu.release.xcconfig */;
			buildSettings = {
				ASSETCATALOG_COMPILER_APPICON_NAME = AppIcon;
				CODE_SIGN_IDENTITY = "iPhone Distribution: Gorka Ercilla (T355TDU55C)";
				"CODE_SIGN_IDENTITY[sdk=iphoneos*]" = "iPhone Distribution: Gorka Ercilla (T355TDU55C)";
				ENABLE_BITCODE = NO;
				INFOPLIST_FILE = LarrabetzuEskuraIOS/Info.plist;
				IPHONEOS_DEPLOYMENT_TARGET = 8.4;
				LD_RUNPATH_SEARCH_PATHS = "$(inherited) @executable_path/Frameworks";
				PRODUCT_BUNDLE_IDENTIFIER = com.eskura.Larrabetzu;
				PRODUCT_NAME = Larrabetzu;
				PROVISIONING_PROFILE = "";
				SWIFT_OBJC_BRIDGING_HEADER = "$(SRCROOT)/LarrabetzuEskuraIOS/bridgingHeader.h";
			};
			name = Release;
		};
/* End XCBuildConfiguration section */

/* Begin XCConfigurationList section */
		9FDBB590195AE4D3003EFA9E /* Build configuration list for PBXProject "Larrabetzu" */ = {
			isa = XCConfigurationList;
			buildConfigurations = (
				9FDBB5B1195AE4D4003EFA9E /* Debug */,
				9FDBB5B2195AE4D4003EFA9E /* Release */,
			);
			defaultConfigurationIsVisible = 0;
			defaultConfigurationName = Release;
		};
		9FDBB5B3195AE4D4003EFA9E /* Build configuration list for PBXNativeTarget "Larrabetzu" */ = {
			isa = XCConfigurationList;
			buildConfigurations = (
				9FDBB5B4195AE4D4003EFA9E /* Debug */,
				9FDBB5B5195AE4D4003EFA9E /* Release */,
			);
			defaultConfigurationIsVisible = 0;
			defaultConfigurationName = Release;
		};
/* End XCConfigurationList section */
	};
	rootObject = 9FDBB58D195AE4D3003EFA9E /* Project object */;
}
